
Microsoft Visual Studio Solution File, Format Version 12.00
# Visual Studio 14
VisualStudioVersion = 14.0.25420.1
MinimumVisualStudioVersion = 10.0.40219.1
Project("{2150E333-8FDC-42A3-9474-1A3956D46DE8}") = "src", "src", "{23C8E629-7C87-498B-8712-67467E054A35}"
EndProject
Project("{2150E333-8FDC-42A3-9474-1A3956D46DE8}") = "test", "test", "{6F48E0D2-D829-4683-8B5A-7894206DB612}"
EndProject
Project("{FAE04EC0-301F-11D3-BF4B-00C04F79EFBC}") = "Collector.Common.FeatureFlags", "src\Collector.Common.FeatureFlags\Collector.Common.FeatureFlags.csproj", "{5D8A6B9E-4BAB-47AC-B236-08FB4C3FFE6A}"
EndProject
Global
	GlobalSection(SolutionConfigurationPlatforms) = preSolution
		Debug|Any CPU = Debug|Any CPU
		Release|Any CPU = Release|Any CPU
	EndGlobalSection
	GlobalSection(ProjectConfigurationPlatforms) = postSolution
		{5D8A6B9E-4BAB-47AC-B236-08FB4C3FFE6A}.Debug|Any CPU.ActiveCfg = Debug|Any CPU
		{5D8A6B9E-4BAB-47AC-B236-08FB4C3FFE6A}.Debug|Any CPU.Build.0 = Debug|Any CPU
		{5D8A6B9E-4BAB-47AC-B236-08FB4C3FFE6A}.Release|Any CPU.ActiveCfg = Release|Any CPU
		{5D8A6B9E-4BAB-47AC-B236-08FB4C3FFE6A}.Release|Any CPU.Build.0 = Release|Any CPU
	EndGlobalSection
	GlobalSection(SolutionProperties) = preSolution
		HideSolutionNode = FALSE
	EndGlobalSection
	GlobalSection(NestedProjects) = preSolution
		{5D8A6B9E-4BAB-47AC-B236-08FB4C3FFE6A} = {23C8E629-7C87-498B-8712-67467E054A35}
	EndGlobalSection
EndGlobal
